{
  "name": "once-esm",
  "version": "0.0.1",
  "lockfileVersion": 3,
  "requires": true,
  "packages": {
    "": {
      "name": "once-esm",
      "version": "0.0.1",
      "license": "ISC",
      "dependencies": {
        "once-esm": "file:",
        "wrappy": "^1.0.2"
      }
    },
    "node_modules/once-esm": {
      "resolved": "",
      "link": true
    },
    "node_modules/wrappy": {
      "version": "1.0.2",
      "resolved": "https://registry.npmjs.org/wrappy/-/wrappy-1.0.2.tgz",
      "integrity": "sha512-l4Sp/DRseor9wL6EvV2+TuQn63dMkPjZ/sp9XkghTEbV9KlPS1xUsZ3u7/IQO4wxtcFB4bgpQPRcR3QCvezPcQ=="
    }
  }
}
